
Microsoft Visual Studio Solution File, Format Version 12.00
# Visual Studio 15
VisualStudioVersion = 15.0.26228.9
MinimumVisualStudioVersion = 10.0.40219.1
Project("{FAE04EC0-301F-11D3-BF4B-00C04F79EFBC}") = "Example01", "Example01\Example01.csproj", "{AB54888E-8AAA-4131-9BA1-24221D67E406}"
EndProject
Project("{FAE04EC0-301F-11D3-BF4B-00C04F79EFBC}") = "StoreLibrary", "StoreLibrary\StoreLibrary.csproj", "{68790BEE-75D7-401F-849A-F1B69D73F2F6}"
EndProject
Global
	GlobalSection(SolutionConfigurationPlatforms) = preSolution
		Debug|Any CPU = Debug|Any CPU
		Release|Any CPU = Release|Any CPU
	EndGlobalSection
	GlobalSection(ProjectConfigurationPlatforms) = postSolution
		{AB54888E-8AAA-4131-9BA1-24221D67E406}.Debug|Any CPU.ActiveCfg = Debug|Any CPU
		{AB54888E-8AAA-4131-9BA1-24221D67E406}.Debug|Any CPU.Build.0 = Debug|Any CPU
		{AB54888E-8AAA-4131-9BA1-24221D67E406}.Release|Any CPU.ActiveCfg = Release|Any CPU
		{AB54888E-8AAA-4131-9BA1-24221D67E406}.Release|Any CPU.Build.0 = Release|Any CPU
		{68790BEE-75D7-401F-849A-F1B69D73F2F6}.Debug|Any CPU.ActiveCfg = Debug|Any CPU
		{68790BEE-75D7-401F-849A-F1B69D73F2F6}.Debug|Any CPU.Build.0 = Debug|Any CPU
		{68790BEE-75D7-401F-849A-F1B69D73F2F6}.Release|Any CPU.ActiveCfg = Release|Any CPU
		{68790BEE-75D7-401F-849A-F1B69D73F2F6}.Release|Any CPU.Build.0 = Release|Any CPU
	EndGlobalSection
	GlobalSection(SolutionProperties) = preSolution
		HideSolutionNode = FALSE
	EndGlobalSection
EndGlobal
